// !$*UTF8*$!
{
	archiveVersion = 1;
	classes = {
	};
	objectVersion = 50;
	objects = {

/* Begin PBXBuildFile section */
		223E34CA2365AC83000B1845 /* HealthKitGetProfile.swift in Sources */ = {isa = PBXBuildFile; fileRef = 223E34C92365AC83000B1845 /* HealthKitGetProfile.swift */; };
		223E34CC2365AFA7000B1845 /* Toast.swift in Sources */ = {isa = PBXBuildFile; fileRef = 223E34CB2365AFA7000B1845 /* Toast.swift */; };
		223E34CE2365E79C000B1845 /* 스크린샷 2019-10-27 오전 7.56.09.png in Resources */ = {isa = PBXBuildFile; fileRef = 223E34CD2365E79B000B1845 /* 스크린샷 2019-10-27 오전 7.56.09.png */; };
		223E34D02365ED9F000B1845 /* 스크린샷 2019-10-27 오전 8.21.28.png in Resources */ = {isa = PBXBuildFile; fileRef = 223E34CF2365ED9F000B1845 /* 스크린샷 2019-10-27 오전 8.21.28.png */; };
		223E34D22365F1A2000B1845 /* PostWeight.swift in Sources */ = {isa = PBXBuildFile; fileRef = 223E34D12365F1A2000B1845 /* PostWeight.swift */; };
		223E34D42365F8A4000B1845 /* PostToken.swift in Sources */ = {isa = PBXBuildFile; fileRef = 223E34D32365F8A4000B1845 /* PostToken.swift */; };
		223E34D62366083A000B1845 /* PostBMI.swift in Sources */ = {isa = PBXBuildFile; fileRef = 223E34D52366083A000B1845 /* PostBMI.swift */; };
		223E34D823661446000B1845 /* PostAddress.swift in Sources */ = {isa = PBXBuildFile; fileRef = 223E34D723661446000B1845 /* PostAddress.swift */; };
		223E34DA236625EA000B1845 /* SplashViewController.swift in Sources */ = {isa = PBXBuildFile; fileRef = 223E34D9236625EA000B1845 /* SplashViewController.swift */; };
		223E34DC23662622000B1845 /* Icon-512.png in Resources */ = {isa = PBXBuildFile; fileRef = 223E34DB23662622000B1845 /* Icon-512.png */; };
		223E34DE23662A3D000B1845 /* PostAddress1.swift in Sources */ = {isa = PBXBuildFile; fileRef = 223E34DD23662A3D000B1845 /* PostAddress1.swift */; };
		223E34E023662B12000B1845 /* PostLastOne.swift in Sources */ = {isa = PBXBuildFile; fileRef = 223E34DF23662B12000B1845 /* PostLastOne.swift */; };
		223FF62C2364BE510073A926 /* AppDelegate.swift in Sources */ = {isa = PBXBuildFile; fileRef = 223FF62B2364BE510073A926 /* AppDelegate.swift */; };
		223FF6302364BE510073A926 /* ViewController.swift in Sources */ = {isa = PBXBuildFile; fileRef = 223FF62F2364BE510073A926 /* ViewController.swift */; };
		223FF6332364BE510073A926 /* Main.storyboard in Resources */ = {isa = PBXBuildFile; fileRef = 223FF6312364BE510073A926 /* Main.storyboard */; };
		223FF6352364BE540073A926 /* Assets.xcassets in Resources */ = {isa = PBXBuildFile; fileRef = 223FF6342364BE540073A926 /* Assets.xcassets */; };
		223FF6382364BE540073A926 /* LaunchScreen.storyboard in Resources */ = {isa = PBXBuildFile; fileRef = 223FF6362364BE540073A926 /* LaunchScreen.storyboard */; };
		223FF6422364BEE70073A926 /* HealthKit.framework in Frameworks */ = {isa = PBXBuildFile; fileRef = 223FF6412364BEE70073A926 /* HealthKit.framework */; };
		223FF6512364C7F10073A926 /* HealthKitSetupAssistant.swift in Sources */ = {isa = PBXBuildFile; fileRef = 223FF6502364C7F10073A926 /* HealthKitSetupAssistant.swift */; };
		223FF6532364D4870073A926 /* UserPersonalProfile.swift in Sources */ = {isa = PBXBuildFile; fileRef = 223FF6522364D4870073A926 /* UserPersonalProfile.swift */; };
		223FF6552364F5EE0073A926 /* LoginViewController.swift in Sources */ = {isa = PBXBuildFile; fileRef = 223FF6542364F5EE0073A926 /* LoginViewController.swift */; };
		223FF6572364F5F90073A926 /* MainViewController.swift in Sources */ = {isa = PBXBuildFile; fileRef = 223FF6562364F5F90073A926 /* MainViewController.swift */; };
		223FF65B2365031C0073A926 /* PostNetwork.swift in Sources */ = {isa = PBXBuildFile; fileRef = 223FF65A2365031C0073A926 /* PostNetwork.swift */; };
		223FF65D2365038C0073A926 /* Constants.swift in Sources */ = {isa = PBXBuildFile; fileRef = 223FF65C2365038C0073A926 /* Constants.swift */; };
		223FF66A23654F4D0073A926 /* DetailViewController.swift in Sources */ = {isa = PBXBuildFile; fileRef = 223FF66923654F4D0073A926 /* DetailViewController.swift */; };
		223FF66C236550B70073A926 /* DetailCardView.swift in Sources */ = {isa = PBXBuildFile; fileRef = 223FF66B236550B70073A926 /* DetailCardView.swift */; };
		223FF674236582670073A926 /* InputTableViewController.swift in Sources */ = {isa = PBXBuildFile; fileRef = 223FF673236582670073A926 /* InputTableViewController.swift */; };
		B13B29794F0AF09DCAA71B58 /* Pods_IF_Temp.framework in Frameworks */ = {isa = PBXBuildFile; fileRef = 03A81EB9E8131A75150372A6 /* Pods_IF_Temp.framework */; };
/* End PBXBuildFile section */

/* Begin PBXFileReference section */
		03A81EB9E8131A75150372A6 /* Pods_IF_Temp.framework */ = {isa = PBXFileReference; explicitFileType = wrapper.framework; includeInIndex = 0; path = Pods_IF_Temp.framework; sourceTree = BUILT_PRODUCTS_DIR; };
		223E34C92365AC83000B1845 /* HealthKitGetProfile.swift */ = {isa = PBXFileReference; lastKnownFileType = sourcecode.swift; path = HealthKitGetProfile.swift; sourceTree = "<group>"; };
		223E34CB2365AFA7000B1845 /* Toast.swift */ = {isa = PBXFileReference; lastKnownFileType = sourcecode.swift; path = Toast.swift; sourceTree = "<group>"; };
		223E34CD2365E79B000B1845 /* 스크린샷 2019-10-27 오전 7.56.09.png */ = {isa = PBXFileReference; lastKnownFileType = image.png; path = "스크린샷 2019-10-27 오전 7.56.09.png"; sourceTree = "<group>"; };
		223E34CF2365ED9F000B1845 /* 스크린샷 2019-10-27 오전 8.21.28.png */ = {isa = PBXFileReference; lastKnownFileType = image.png; path = "스크린샷 2019-10-27 오전 8.21.28.png"; sourceTree = "<group>"; };
		223E34D12365F1A2000B1845 /* PostWeight.swift */ = {isa = PBXFileReference; lastKnownFileType = sourcecode.swift; path = PostWeight.swift; sourceTree = "<group>"; };
		223E34D32365F8A4000B1845 /* PostToken.swift */ = {isa = PBXFileReference; lastKnownFileType = sourcecode.swift; path = PostToken.swift; sourceTree = "<group>"; };
		223E34D52366083A000B1845 /* PostBMI.swift */ = {isa = PBXFileReference; lastKnownFileType = sourcecode.swift; path = PostBMI.swift; sourceTree = "<group>"; };
		223E34D723661446000B1845 /* PostAddress.swift */ = {isa = PBXFileReference; lastKnownFileType = sourcecode.swift; path = PostAddress.swift; sourceTree = "<group>"; };
		223E34D9236625EA000B1845 /* SplashViewController.swift */ = {isa = PBXFileReference; lastKnownFileType = sourcecode.swift; path = SplashViewController.swift; sourceTree = "<group>"; };
		223E34DB23662622000B1845 /* Icon-512.png */ = {isa = PBXFileReference; lastKnownFileType = image.png; path = "Icon-512.png"; sourceTree = "<group>"; };
		223E34DD23662A3D000B1845 /* PostAddress1.swift */ = {isa = PBXFileReference; lastKnownFileType = sourcecode.swift; path = PostAddress1.swift; sourceTree = "<group>"; };
		223E34DF23662B12000B1845 /* PostLastOne.swift */ = {isa = PBXFileReference; lastKnownFileType = sourcecode.swift; path = PostLastOne.swift; sourceTree = "<group>"; };
		223FF6282364BE510073A926 /* IF_Temp.app */ = {isa = PBXFileReference; explicitFileType = wrapper.application; includeInIndex = 0; path = IF_Temp.app; sourceTree = BUILT_PRODUCTS_DIR; };
		223FF62B2364BE510073A926 /* AppDelegate.swift */ = {isa = PBXFileReference; lastKnownFileType = sourcecode.swift; path = AppDelegate.swift; sourceTree = "<group>"; };
		223FF62F2364BE510073A926 /* ViewController.swift */ = {isa = PBXFileReference; lastKnownFileType = sourcecode.swift; path = ViewController.swift; sourceTree = "<group>"; };
		223FF6322364BE510073A926 /* Base */ = {isa = PBXFileReference; lastKnownFileType = file.storyboard; name = Base; path = Base.lproj/Main.storyboard; sourceTree = "<group>"; };
		223FF6342364BE540073A926 /* Assets.xcassets */ = {isa = PBXFileReference; lastKnownFileType = folder.assetcatalog; path = Assets.xcassets; sourceTree = "<group>"; };
		223FF6372364BE540073A926 /* Base */ = {isa = PBXFileReference; lastKnownFileType = file.storyboard; name = Base; path = Base.lproj/LaunchScreen.storyboard; sourceTree = "<group>"; };
		223FF6392364BE540073A926 /* Info.plist */ = {isa = PBXFileReference; lastKnownFileType = text.plist.xml; path = Info.plist; sourceTree = "<group>"; };
		223FF63F2364BEE70073A926 /* IF_Temp.entitlements */ = {isa = PBXFileReference; lastKnownFileType = text.plist.entitlements; path = IF_Temp.entitlements; sourceTree = "<group>"; };
		223FF6412364BEE70073A926 /* HealthKit.framework */ = {isa = PBXFileReference; lastKnownFileType = wrapper.framework; name = HealthKit.framework; path = System/Library/Frameworks/HealthKit.framework; sourceTree = SDKROOT; };
		223FF6502364C7F10073A926 /* HealthKitSetupAssistant.swift */ = {isa = PBXFileReference; lastKnownFileType = sourcecode.swift; path = HealthKitSetupAssistant.swift; sourceTree = "<group>"; };
		223FF6522364D4870073A926 /* UserPersonalProfile.swift */ = {isa = PBXFileReference; lastKnownFileType = sourcecode.swift; path = UserPersonalProfile.swift; sourceTree = "<group>"; };
		223FF6542364F5EE0073A926 /* LoginViewController.swift */ = {isa = PBXFileReference; lastKnownFileType = sourcecode.swift; path = LoginViewController.swift; sourceTree = "<group>"; };
		223FF6562364F5F90073A926 /* MainViewController.swift */ = {isa = PBXFileReference; lastKnownFileType = sourcecode.swift; path = MainViewController.swift; sourceTree = "<group>"; };
		223FF65A2365031C0073A926 /* PostNetwork.swift */ = {isa = PBXFileReference; lastKnownFileType = sourcecode.swift; path = PostNetwork.swift; sourceTree = "<group>"; };
		223FF65C2365038C0073A926 /* Constants.swift */ = {isa = PBXFileReference; lastKnownFileType = sourcecode.swift; path = Constants.swift; sourceTree = "<group>"; };
		223FF66923654F4D0073A926 /* DetailViewController.swift */ = {isa = PBXFileReference; lastKnownFileType = sourcecode.swift; path = DetailViewController.swift; sourceTree = "<group>"; };
		223FF66B236550B70073A926 /* DetailCardView.swift */ = {isa = PBXFileReference; lastKnownFileType = sourcecode.swift; path = DetailCardView.swift; sourceTree = "<group>"; };
		223FF673236582670073A926 /* InputTableViewController.swift */ = {isa = PBXFileReference; lastKnownFileType = sourcecode.swift; path = InputTableViewController.swift; sourceTree = "<group>"; };
		8B51739CD350984417381083 /* Pods-IF_Temp.release.xcconfig */ = {isa = PBXFileReference; includeInIndex = 1; lastKnownFileType = text.xcconfig; name = "Pods-IF_Temp.release.xcconfig"; path = "Target Support Files/Pods-IF_Temp/Pods-IF_Temp.release.xcconfig"; sourceTree = "<group>"; };
		EE264D01B57023452A1E7DBD /* Pods-IF_Temp.debug.xcconfig */ = {isa = PBXFileReference; includeInIndex = 1; lastKnownFileType = text.xcconfig; name = "Pods-IF_Temp.debug.xcconfig"; path = "Target Support Files/Pods-IF_Temp/Pods-IF_Temp.debug.xcconfig"; sourceTree = "<group>"; };
/* End PBXFileReference section */

/* Begin PBXFrameworksBuildPhase section */
		223FF6252364BE510073A926 /* Frameworks */ = {
			isa = PBXFrameworksBuildPhase;
			buildActionMask = 2147483647;
			files = (
				223FF6422364BEE70073A926 /* HealthKit.framework in Frameworks */,
				B13B29794F0AF09DCAA71B58 /* Pods_IF_Temp.framework in Frameworks */,
			);
			runOnlyForDeploymentPostprocessing = 0;
		};
/* End PBXFrameworksBuildPhase section */

/* Begin PBXGroup section */
		223FF61F2364BE510073A926 = {
			isa = PBXGroup;
			children = (
				223FF62A2364BE510073A926 /* IF_Temp */,
				223FF6292364BE510073A926 /* Products */,
				223FF6402364BEE70073A926 /* Frameworks */,
				2EF1A94FDEC773C25D60D68E /* Pods */,
			);
			sourceTree = "<group>";
		};
		223FF6292364BE510073A926 /* Products */ = {
			isa = PBXGroup;
			children = (
				223FF6282364BE510073A926 /* IF_Temp.app */,
			);
			name = Products;
			sourceTree = "<group>";
		};
		223FF62A2364BE510073A926 /* IF_Temp */ = {
			isa = PBXGroup;
			children = (
				223FF65E2365077B0073A926 /* View */,
				223FF658236502E80073A926 /* Controller */,
				223FF6482364C30A0073A926 /* Models */,
				223FF6472364C2FE0073A926 /* ViewControllers */,
				223FF63F2364BEE70073A926 /* IF_Temp.entitlements */,
				223FF62B2364BE510073A926 /* AppDelegate.swift */,
				223FF6342364BE540073A926 /* Assets.xcassets */,
				223E34CF2365ED9F000B1845 /* 스크린샷 2019-10-27 오전 8.21.28.png */,
				223E34CD2365E79B000B1845 /* 스크린샷 2019-10-27 오전 7.56.09.png */,
				223FF6392364BE540073A926 /* Info.plist */,
			);
			path = IF_Temp;
			sourceTree = "<group>";
		};
		223FF6402364BEE70073A926 /* Frameworks */ = {
			isa = PBXGroup;
			children = (
				223FF6412364BEE70073A926 /* HealthKit.framework */,
				03A81EB9E8131A75150372A6 /* Pods_IF_Temp.framework */,
			);
			name = Frameworks;
			sourceTree = "<group>";
		};
		223FF6472364C2FE0073A926 /* ViewControllers */ = {
			isa = PBXGroup;
			children = (
				223FF62F2364BE510073A926 /* ViewController.swift */,
				223FF6542364F5EE0073A926 /* LoginViewController.swift */,
				223FF6562364F5F90073A926 /* MainViewController.swift */,
				223FF66923654F4D0073A926 /* DetailViewController.swift */,
				223FF66B236550B70073A926 /* DetailCardView.swift */,
				223FF673236582670073A926 /* InputTableViewController.swift */,
				223E34D9236625EA000B1845 /* SplashViewController.swift */,
			);
			path = ViewControllers;
			sourceTree = "<group>";
		};
		223FF6482364C30A0073A926 /* Models */ = {
			isa = PBXGroup;
			children = (
				223FF6522364D4870073A926 /* UserPersonalProfile.swift */,
				223FF65C2365038C0073A926 /* Constants.swift */,
			);
			path = Models;
			sourceTree = "<group>";
		};
		223FF658236502E80073A926 /* Controller */ = {
			isa = PBXGroup;
			children = (
				223FF6502364C7F10073A926 /* HealthKitSetupAssistant.swift */,
				223E34C92365AC83000B1845 /* HealthKitGetProfile.swift */,
				223E34CB2365AFA7000B1845 /* Toast.swift */,
				223E34DB23662622000B1845 /* Icon-512.png */,
				223FF659236502F90073A926 /* Network */,
			);
			path = Controller;
			sourceTree = "<group>";
		};
		223FF659236502F90073A926 /* Network */ = {
			isa = PBXGroup;
			children = (
				223FF65A2365031C0073A926 /* PostNetwork.swift */,
				223E34D12365F1A2000B1845 /* PostWeight.swift */,
				223E34D32365F8A4000B1845 /* PostToken.swift */,
				223E34D52366083A000B1845 /* PostBMI.swift */,
				223E34D723661446000B1845 /* PostAddress.swift */,
				223E34DD23662A3D000B1845 /* PostAddress1.swift */,
				223E34DF23662B12000B1845 /* PostLastOne.swift */,
			);
			path = Network;
			sourceTree = "<group>";
		};
		223FF65E2365077B0073A926 /* View */ = {
			isa = PBXGroup;
			children = (
				223FF6312364BE510073A926 /* Main.storyboard */,
				223FF6362364BE540073A926 /* LaunchScreen.storyboard */,
			);
			path = View;
			sourceTree = "<group>";
		};
		2EF1A94FDEC773C25D60D68E /* Pods */ = {
			isa = PBXGroup;
			children = (
				EE264D01B57023452A1E7DBD /* Pods-IF_Temp.debug.xcconfig */,
				8B51739CD350984417381083 /* Pods-IF_Temp.release.xcconfig */,
			);
			path = Pods;
			sourceTree = "<group>";
		};
/* End PBXGroup section */

/* Begin PBXNativeTarget section */
		223FF6272364BE510073A926 /* IF_Temp */ = {
			isa = PBXNativeTarget;
			buildConfigurationList = 223FF63C2364BE540073A926 /* Build configuration list for PBXNativeTarget "IF_Temp" */;
			buildPhases = (
				71A85ED0BB41FFDF10B6D34B /* [CP] Check Pods Manifest.lock */,
				223FF6242364BE510073A926 /* Sources */,
				223FF6252364BE510073A926 /* Frameworks */,
				223FF6262364BE510073A926 /* Resources */,
				E045AF4FBACDACBEAB99A6DA /* [CP] Embed Pods Frameworks */,
			);
			buildRules = (
			);
			dependencies = (
			);
			name = IF_Temp;
			productName = IF_Temp;
			productReference = 223FF6282364BE510073A926 /* IF_Temp.app */;
			productType = "com.apple.product-type.application";
		};
/* End PBXNativeTarget section */

/* Begin PBXProject section */
		223FF6202364BE510073A926 /* Project object */ = {
			isa = PBXProject;
			attributes = {
				LastSwiftUpdateCheck = 1100;
				LastUpgradeCheck = 1100;
				ORGANIZATIONNAME = "DONGGUN LEE";
				TargetAttributes = {
					223FF6272364BE510073A926 = {
						CreatedOnToolsVersion = 11.0;
					};
				};
			};
			buildConfigurationList = 223FF6232364BE510073A926 /* Build configuration list for PBXProject "IF_Temp" */;
			compatibilityVersion = "Xcode 9.3";
			developmentRegion = en;
			hasScannedForEncodings = 0;
			knownRegions = (
				en,
				Base,
			);
			mainGroup = 223FF61F2364BE510073A926;
			productRefGroup = 223FF6292364BE510073A926 /* Products */;
			projectDirPath = "";
			projectRoot = "";
			targets = (
				223FF6272364BE510073A926 /* IF_Temp */,
			);
		};
/* End PBXProject section */

/* Begin PBXResourcesBuildPhase section */
		223FF6262364BE510073A926 /* Resources */ = {
			isa = PBXResourcesBuildPhase;
			buildActionMask = 2147483647;
			files = (
				223FF6382364BE540073A926 /* LaunchScreen.storyboard in Resources */,
				223E34DC23662622000B1845 /* Icon-512.png in Resources */,
				223E34D02365ED9F000B1845 /* 스크린샷 2019-10-27 오전 8.21.28.png in Resources */,
				223FF6352364BE540073A926 /* Assets.xcassets in Resources */,
				223E34CE2365E79C000B1845 /* 스크린샷 2019-10-27 오전 7.56.09.png in Resources */,
				223FF6332364BE510073A926 /* Main.storyboard in Resources */,
			);
			runOnlyForDeploymentPostprocessing = 0;
		};
/* End PBXResourcesBuildPhase section */

/* Begin PBXShellScriptBuildPhase section */
		71A85ED0BB41FFDF10B6D34B /* [CP] Check Pods Manifest.lock */ = {
			isa = PBXShellScriptBuildPhase;
			buildActionMask = 2147483647;
			files = (
			);
			inputFileListPaths = (
			);
			inputPaths = (
				"${PODS_PODFILE_DIR_PATH}/Podfile.lock",
				"${PODS_ROOT}/Manifest.lock",
			);
			name = "[CP] Check Pods Manifest.lock";
			outputFileListPaths = (
			);
			outputPaths = (
				"$(DERIVED_FILE_DIR)/Pods-IF_Temp-checkManifestLockResult.txt",
			);
			runOnlyForDeploymentPostprocessing = 0;
			shellPath = /bin/sh;
			shellScript = "diff \"${PODS_PODFILE_DIR_PATH}/Podfile.lock\" \"${PODS_ROOT}/Manifest.lock\" > /dev/null\nif [ $? != 0 ] ; then\n    # print error to STDERR\n    echo \"error: The sandbox is not in sync with the Podfile.lock. Run 'pod install' or update your CocoaPods installation.\" >&2\n    exit 1\nfi\n# This output is used by Xcode 'outputs' to avoid re-running this script phase.\necho \"SUCCESS\" > \"${SCRIPT_OUTPUT_FILE_0}\"\n";
			showEnvVarsInLog = 0;
		};
		E045AF4FBACDACBEAB99A6DA /* [CP] Embed Pods Frameworks */ = {
			isa = PBXShellScriptBuildPhase;
			buildActionMask = 2147483647;
			files = (
			);
			inputFileListPaths = (
			);
			inputPaths = (
				"${PODS_ROOT}/Target Support Files/Pods-IF_Temp/Pods-IF_Temp-frameworks.sh",
				"${BUILT_PRODUCTS_DIR}/Charts/Charts.framework",
			);
			name = "[CP] Embed Pods Frameworks";
			outputFileListPaths = (
			);
			outputPaths = (
				"${TARGET_BUILD_DIR}/${FRAMEWORKS_FOLDER_PATH}/Charts.framework",
			);
			runOnlyForDeploymentPostprocessing = 0;
			shellPath = /bin/sh;
			shellScript = "\"${PODS_ROOT}/Target Support Files/Pods-IF_Temp/Pods-IF_Temp-frameworks.sh\"\n";
			showEnvVarsInLog = 0;
		};
/* End PBXShellScriptBuildPhase section */

/* Begin PBXSourcesBuildPhase section */
		223FF6242364BE510073A926 /* Sources */ = {
			isa = PBXSourcesBuildPhase;
			buildActionMask = 2147483647;
			files = (
				223FF674236582670073A926 /* InputTableViewController.swift in Sources */,
				223FF65B2365031C0073A926 /* PostNetwork.swift in Sources */,
				223FF65D2365038C0073A926 /* Constants.swift in Sources */,
				223E34DA236625EA000B1845 /* SplashViewController.swift in Sources */,
				223E34E023662B12000B1845 /* PostLastOne.swift in Sources */,
				223FF6302364BE510073A926 /* ViewController.swift in Sources */,
				223E34D22365F1A2000B1845 /* PostWeight.swift in Sources */,
				223FF6512364C7F10073A926 /* HealthKitSetupAssistant.swift in Sources */,
				223E34D62366083A000B1845 /* PostBMI.swift in Sources */,
				223FF6552364F5EE0073A926 /* LoginViewController.swift in Sources */,
				223E34CA2365AC83000B1845 /* HealthKitGetProfile.swift in Sources */,
				223FF66C236550B70073A926 /* DetailCardView.swift in Sources */,
				223E34D42365F8A4000B1845 /* PostToken.swift in Sources */,
				223FF6532364D4870073A926 /* UserPersonalProfile.swift in Sources */,
				223FF66A23654F4D0073A926 /* DetailViewController.swift in Sources */,
				223FF6572364F5F90073A926 /* MainViewController.swift in Sources */,
				223FF62C2364BE510073A926 /* AppDelegate.swift in Sources */,
				223E34D823661446000B1845 /* PostAddress.swift in Sources */,
				223E34DE23662A3D000B1845 /* PostAddress1.swift in Sources */,
				223E34CC2365AFA7000B1845 /* Toast.swift in Sources */,
			);
			runOnlyForDeploymentPostprocessing = 0;
		};
/* End PBXSourcesBuildPhase section */

/* Begin PBXVariantGroup section */
		223FF6312364BE510073A926 /* Main.storyboard */ = {
			isa = PBXVariantGroup;
			children = (
				223FF6322364BE510073A926 /* Base */,
			);
			name = Main.storyboard;
			sourceTree = "<group>";
		};
		223FF6362364BE540073A926 /* LaunchScreen.storyboard */ = {
			isa = PBXVariantGroup;
			children = (
				223FF6372364BE540073A926 /* Base */,
			);
			name = LaunchScreen.storyboard;
			sourceTree = "<group>";
		};
/* End PBXVariantGroup section */

/* Begin XCBuildConfiguration section */
		223FF63A2364BE540073A926 /* Debug */ = {
			isa = XCBuildConfiguration;
			buildSettings = {
				ALWAYS_SEARCH_USER_PATHS = NO;
				CLANG_ANALYZER_NONNULL = YES;
				CLANG_ANALYZER_NUMBER_OBJECT_CONVERSION = YES_AGGRESSIVE;
				CLANG_CXX_LANGUAGE_STANDARD = "gnu++14";
				CLANG_CXX_LIBRARY = "libc++";
				CLANG_ENABLE_MODULES = YES;
				CLANG_ENABLE_OBJC_ARC = YES;
				CLANG_ENABLE_OBJC_WEAK = YES;
				CLANG_WARN_BLOCK_CAPTURE_AUTORELEASING = YES;
				CLANG_WARN_BOOL_CONVERSION = YES;
				CLANG_WARN_COMMA = YES;
				CLANG_WARN_CONSTANT_CONVERSION = YES;
				CLANG_WARN_DEPRECATED_OBJC_IMPLEMENTATIONS = YES;
				CLANG_WARN_DIRECT_OBJC_ISA_USAGE = YES_ERROR;
				CLANG_WARN_DOCUMENTATION_COMMENTS = YES;
				CLANG_WARN_EMPTY_BODY = YES;
				CLANG_WARN_ENUM_CONVERSION = YES;
				CLANG_WARN_INFINITE_RECURSION = YES;
				CLANG_WARN_INT_CONVERSION = YES;
				CLANG_WARN_NON_LITERAL_NULL_CONVERSION = YES;
				CLANG_WARN_OBJC_IMPLICIT_RETAIN_SELF = YES;
				CLANG_WARN_OBJC_LITERAL_CONVERSION = YES;
				CLANG_WARN_OBJC_ROOT_CLASS = YES_ERROR;
				CLANG_WARN_RANGE_LOOP_ANALYSIS = YES;
				CLANG_WARN_STRICT_PROTOTYPES = YES;
				CLANG_WARN_SUSPICIOUS_MOVE = YES;
				CLANG_WARN_UNGUARDED_AVAILABILITY = YES_AGGRESSIVE;
				CLANG_WARN_UNREACHABLE_CODE = YES;
				CLANG_WARN__DUPLICATE_METHOD_MATCH = YES;
				COPY_PHASE_STRIP = NO;
				DEBUG_INFORMATION_FORMAT = dwarf;
				ENABLE_STRICT_OBJC_MSGSEND = YES;
				ENABLE_TESTABILITY = YES;
				GCC_C_LANGUAGE_STANDARD = gnu11;
				GCC_DYNAMIC_NO_PIC = NO;
				GCC_NO_COMMON_BLOCKS = YES;
				GCC_OPTIMIZATION_LEVEL = 0;
				GCC_PREPROCESSOR_DEFINITIONS = (
					"DEBUG=1",
					"$(inherited)",
				);
				GCC_WARN_64_TO_32_BIT_CONVERSION = YES;
				GCC_WARN_ABOUT_RETURN_TYPE = YES_ERROR;
				GCC_WARN_UNDECLARED_SELECTOR = YES;
				GCC_WARN_UNINITIALIZED_AUTOS = YES_AGGRESSIVE;
				GCC_WARN_UNUSED_FUNCTION = YES;
				GCC_WARN_UNUSED_VARIABLE = YES;
				IPHONEOS_DEPLOYMENT_TARGET = 13.0;
				MTL_ENABLE_DEBUG_INFO = INCLUDE_SOURCE;
				MTL_FAST_MATH = YES;
				ONLY_ACTIVE_ARCH = YES;
				SDKROOT = iphoneos;
				SWIFT_ACTIVE_COMPILATION_CONDITIONS = DEBUG;
				SWIFT_OPTIMIZATION_LEVEL = "-Onone";
			};
			name = Debug;
		};
		223FF63B2364BE540073A926 /* Release */ = {
			isa = XCBuildConfiguration;
			buildSettings = {
				ALWAYS_SEARCH_USER_PATHS = NO;
				CLANG_ANALYZER_NONNULL = YES;
				CLANG_ANALYZER_NUMBER_OBJECT_CONVERSION = YES_AGGRESSIVE;
				CLANG_CXX_LANGUAGE_STANDARD = "gnu++14";
				CLANG_CXX_LIBRARY = "libc++";
				CLANG_ENABLE_MODULES = YES;
				CLANG_ENABLE_OBJC_ARC = YES;
				CLANG_ENABLE_OBJC_WEAK = YES;
				CLANG_WARN_BLOCK_CAPTURE_AUTORELEASING = YES;
				CLANG_WARN_BOOL_CONVERSION = YES;
				CLANG_WARN_COMMA = YES;
				CLANG_WARN_CONSTANT_CONVERSION = YES;
				CLANG_WARN_DEPRECATED_OBJC_IMPLEMENTATIONS = YES;
				CLANG_WARN_DIRECT_OBJC_ISA_USAGE = YES_ERROR;
				CLANG_WARN_DOCUMENTATION_COMMENTS = YES;
				CLANG_WARN_EMPTY_BODY = YES;
				CLANG_WARN_ENUM_CONVERSION = YES;
				CLANG_WARN_INFINITE_RECURSION = YES;
				CLANG_WARN_INT_CONVERSION = YES;
				CLANG_WARN_NON_LITERAL_NULL_CONVERSION = YES;
				CLANG_WARN_OBJC_IMPLICIT_RETAIN_SELF = YES;
				CLANG_WARN_OBJC_LITERAL_CONVERSION = YES;
				CLANG_WARN_OBJC_ROOT_CLASS = YES_ERROR;
				CLANG_WARN_RANGE_LOOP_ANALYSIS = YES;
				CLANG_WARN_STRICT_PROTOTYPES = YES;
				CLANG_WARN_SUSPICIOUS_MOVE = YES;
				CLANG_WARN_UNGUARDED_AVAILABILITY = YES_AGGRESSIVE;
				CLANG_WARN_UNREACHABLE_CODE = YES;
				CLANG_WARN__DUPLICATE_METHOD_MATCH = YES;
				COPY_PHASE_STRIP = NO;
				DEBUG_INFORMATION_FORMAT = "dwarf-with-dsym";
				ENABLE_NS_ASSERTIONS = NO;
				ENABLE_STRICT_OBJC_MSGSEND = YES;
				GCC_C_LANGUAGE_STANDARD = gnu11;
				GCC_NO_COMMON_BLOCKS = YES;
				GCC_WARN_64_TO_32_BIT_CONVERSION = YES;
				GCC_WARN_ABOUT_RETURN_TYPE = YES_ERROR;
				GCC_WARN_UNDECLARED_SELECTOR = YES;
				GCC_WARN_UNINITIALIZED_AUTOS = YES_AGGRESSIVE;
				GCC_WARN_UNUSED_FUNCTION = YES;
				GCC_WARN_UNUSED_VARIABLE = YES;
				IPHONEOS_DEPLOYMENT_TARGET = 13.0;
				MTL_ENABLE_DEBUG_INFO = NO;
				MTL_FAST_MATH = YES;
				SDKROOT = iphoneos;
				SWIFT_COMPILATION_MODE = wholemodule;
				SWIFT_OPTIMIZATION_LEVEL = "-O";
				VALIDATE_PRODUCT = YES;
			};
			name = Release;
		};
		223FF63D2364BE540073A926 /* Debug */ = {
			isa = XCBuildConfiguration;
			baseConfigurationReference = EE264D01B57023452A1E7DBD /* Pods-IF_Temp.debug.xcconfig */;
			buildSettings = {
				ASSETCATALOG_COMPILER_APPICON_NAME = AppIcon;
				CODE_SIGN_ENTITLEMENTS = IF_Temp/IF_Temp.entitlements;
				CODE_SIGN_STYLE = Automatic;
				DEVELOPMENT_TEAM = DE97A6B9N7;
				INFOPLIST_FILE = IF_Temp/Info.plist;
				IPHONEOS_DEPLOYMENT_TARGET = 12.0;
				LD_RUNPATH_SEARCH_PATHS = (
					"$(inherited)",
					"@executable_path/Frameworks",
				);
				PRODUCT_BUNDLE_IDENTIFIER = "LDG.IF-Temp";
				PRODUCT_NAME = "$(TARGET_NAME)";
				SWIFT_VERSION = 5.0;
				TARGETED_DEVICE_FAMILY = 1;
			};
			name = Debug;
		};
		223FF63E2364BE540073A926 /* Release */ = {
			isa = XCBuildConfiguration;
			baseConfigurationReference = 8B51739CD350984417381083 /* Pods-IF_Temp.release.xcconfig */;
			buildSettings = {
				ASSETCATALOG_COMPILER_APPICON_NAME = AppIcon;
				CODE_SIGN_ENTITLEMENTS = IF_Temp/IF_Temp.entitlements;
				CODE_SIGN_STYLE = Automatic;
				DEVELOPMENT_TEAM = DE97A6B9N7;
				INFOPLIST_FILE = IF_Temp/Info.plist;
				IPHONEOS_DEPLOYMENT_TARGET = 12.0;
				LD_RUNPATH_SEARCH_PATHS = (
					"$(inherited)",
					"@executable_path/Frameworks",
				);
				PRODUCT_BUNDLE_IDENTIFIER = "LDG.IF-Temp";
				PRODUCT_NAME = "$(TARGET_NAME)";
				SWIFT_VERSION = 5.0;
				TARGETED_DEVICE_FAMILY = 1;
			};
			name = Release;
		};
/* End XCBuildConfiguration section */

/* Begin XCConfigurationList section */
		223FF6232364BE510073A926 /* Build configuration list for PBXProject "IF_Temp" */ = {
			isa = XCConfigurationList;
			buildConfigurations = (
				223FF63A2364BE540073A926 /* Debug */,
				223FF63B2364BE540073A926 /* Release */,
			);
			defaultConfigurationIsVisible = 0;
			defaultConfigurationName = Release;
		};
		223FF63C2364BE540073A926 /* Build configuration list for PBXNativeTarget "IF_Temp" */ = {
			isa = XCConfigurationList;
			buildConfigurations = (
				223FF63D2364BE540073A926 /* Debug */,
				223FF63E2364BE540073A926 /* Release */,
			);
			defaultConfigurationIsVisible = 0;
			defaultConfigurationName = Release;
		};
/* End XCConfigurationList section */
	};
	rootObject = 223FF6202364BE510073A926 /* Project object */;
}
